
Microsoft Visual Studio Solution File, Format Version 12.00
# Visual Studio Version 17
VisualStudioVersion = 17.4.33213.308
MinimumVisualStudioVersion = 10.0.40219.1
Project("{FAE04EC0-301F-11D3-BF4B-00C04F79EFBC}") = "GeneticAlgorithm", "GeneticAlgorithm.csproj", "{109CA5B8-1A0F-4F74-923F-43A75B93E81C}"
EndProject
Global
	GlobalSection(SolutionConfigurationPlatforms) = preSolution
		Debug|Any CPU = Debug|Any CPU
		Release|Any CPU = Release|Any CPU
	EndGlobalSection
	GlobalSection(ProjectConfigurationPlatforms) = postSolution
		{109CA5B8-1A0F-4F74-923F-43A75B93E81C}.Debug|Any CPU.ActiveCfg = Debug|Any CPU
		{109CA5B8-1A0F-4F74-923F-43A75B93E81C}.Debug|Any CPU.Build.0 = Debug|Any CPU
		{109CA5B8-1A0F-4F74-923F-43A75B93E81C}.Release|Any CPU.ActiveCfg = Release|Any CPU
		{109CA5B8-1A0F-4F74-923F-43A75B93E81C}.Release|Any CPU.Build.0 = Release|Any CPU
	EndGlobalSection
	GlobalSection(SolutionProperties) = preSolution
		HideSolutionNode = FALSE
	EndGlobalSection
	GlobalSection(ExtensibilityGlobals) = postSolution
		SolutionGuid = {D00EFCA8-9FCE-45CA-AA23-CF1A1A311B10}
	EndGlobalSection
EndGlobal
